{
    "_meta": {
        "hash": {
            "sha256": "84d121a0369cbec87e4e347966661c56ff10bea9ea9b2c7b7bdb6f6e65150347"
        },
        "pipfile-spec": 6,
        "requires": {
            "python_version": "3.9"
        },
        "sources": [
            {
                "name": "pypi",
                "url": "https://pypi.org/simple",
                "verify_ssl": true
            }
        ]
    },
    "default": {
        "arabic-reshaper": {
            "hashes": [
                "sha256:15078431d8f45eaca0a1710100aabc87abba13759c67eeb4538cca22fe167da1",
                "sha256:43f58136dbbfecab54ce0434e556c75689e46b0f11010578b893f72c504cd27b",
                "sha256:a236fc6e9dde2a61cc6a5ca962b522e42694e1bb2a2d86894ed7a4eba4ce1890"
            ],
            "version": "==2.1.3"
        },
        "asgiref": {
            "hashes": [
                "sha256:5ee950735509d04eb673bd7f7120f8fa1c9e2df495394992c73234d526907e17",
                "sha256:7162a3cb30ab0609f1a4c95938fd73e8604f63bdba516a7f7d64b83ff09478f0"
            ],
            "index": "pypi",
            "version": "==3.3.1"
        },
        "colorama": {
            "hashes": [
                "sha256:5941b2b48a20143d2267e95b1c2a7603ce057ee39fd88e7329b0c292aa16869b",
                "sha256:9f47eda37229f68eee03b24b9748937c7dc3868f906e8ba69fbcbdd3bc5dc3e2"
            ],
            "markers": "python_version >= '2.7' and python_version not in '3.0, 3.1, 3.2, 3.3, 3.4'",
            "version": "==0.4.4"
        },
        "django": {
            "hashes": [
                "sha256:169e2e7b4839a7910b393eec127fd7cbae62e80fa55f89c6510426abf673fe5f",
                "sha256:c6c0462b8b361f8691171af1fb87eceb4442da28477e12200c40420176206ba7"
            ],
            "index": "pypi",
            "version": "==3.1.6"
        },
        "django-crispy-forms": {
            "hashes": [
                "sha256:21cf717b621f93cdf01bac0a419b520fe3b17bffd67e140b6c16558d9b75ab80",
                "sha256:a2aa34ee3fccafdebb33c016cbd60246b37df85dae717637c6419b929fa24b25"
            ],
            "index": "pypi",
            "version": "==1.11.0"
        },
        "django-tables2": {
            "hashes": [
                "sha256:50ccadbd13740a996d8a4d4f144ef80134745cd0b5ec278061537e341f5ef7a2",
                "sha256:af5f70a9845fd8690c6b44120b065e55b9771cae99c1dcd0eb4f1cfa3f0a71e4"
            ],
            "index": "pypi",
            "version": "==2.3.4"
        },
        "future": {
            "hashes": [
                "sha256:b1bead90b70cf6ec3f0710ae53a525360fa360d306a86583adc6bf83a4db537d"
            ],
            "markers": "python_version >= '2.6' and python_version not in '3.0, 3.1, 3.2, 3.3'",
            "version": "==0.18.2"
        },
        "html5lib": {
            "hashes": [
                "sha256:0d78f8fde1c230e99fe37986a60526d7049ed4bf8a9fadbad5f00e22e58e041d",
                "sha256:b2e5b40261e20f354d198eae92afc10d750afb487ed5e50f9c4eaf07c184146f"
            ],
            "markers": "python_version >= '2.7' and python_version not in '3.0, 3.1, 3.2, 3.3, 3.4'",
            "version": "==1.1"
        },
        "mysqlclient": {
            "hashes": [
                "sha256:0ac0dd759c4ca02c35a9fedc24bc982cf75171651e8187c2495ec957a87dfff7",
                "sha256:3381ca1a4f37ff1155fcfde20836b46416d66531add8843f6aa6d968982731c3",
                "sha256:71c4b330cf2313bbda0307fc858cc9055e64493ba9bf28454d25cf8b3ee8d7f5",
                "sha256:f6ebea7c008f155baeefe16c56cd3ee6239f7a5a9ae42396c2f1860f08a7c432",
                "sha256:fc575093cf81b6605bed84653e48b277318b880dc9becf42dd47fa11ffd3e2b6"
            ],
            "index": "pypi",
            "version": "==2.0.3"
        },
        "numpy": {
            "hashes": [
                "sha256:032be656d89bbf786d743fee11d01ef318b0781281241997558fa7950028dd29",
                "sha256:104f5e90b143dbf298361a99ac1af4cf59131218a045ebf4ee5990b83cff5fab",
                "sha256:125a0e10ddd99a874fd357bfa1b636cd58deb78ba4a30b5ddb09f645c3512e04",
                "sha256:12e4ba5c6420917571f1a5becc9338abbde71dd811ce40b37ba62dec7b39af6d",
                "sha256:13adf545732bb23a796914fe5f891a12bd74cf3d2986eed7b7eba2941eea1590",
                "sha256:2d7e27442599104ee08f4faed56bb87c55f8b10a5494ac2ead5c98a4b289e61f",
                "sha256:3bc63486a870294683980d76ec1e3efc786295ae00128f9ea38e2c6e74d5a60a",
                "sha256:3d3087e24e354c18fb35c454026af3ed8997cfd4997765266897c68d724e4845",
                "sha256:4ed8e96dc146e12c1c5cdd6fb9fd0757f2ba66048bf94c5126b7efebd12d0090",
                "sha256:60759ab15c94dd0e1ed88241fd4fa3312db4e91d2c8f5a2d4cf3863fad83d65b",
                "sha256:65410c7f4398a0047eea5cca9b74009ea61178efd78d1be9847fac1d6716ec1e",
                "sha256:66b467adfcf628f66ea4ac6430ded0614f5cc06ba530d09571ea404789064adc",
                "sha256:7199109fa46277be503393be9250b983f325880766f847885607d9b13848f257",
                "sha256:72251e43ac426ff98ea802a931922c79b8d7596480300eb9f1b1e45e0543571e",
                "sha256:89e5336f2bec0c726ac7e7cdae181b325a9c0ee24e604704ed830d241c5e47ff",
                "sha256:89f937b13b8dd17b0099c7c2e22066883c86ca1575a975f754babc8fbf8d69a9",
                "sha256:9c94cab5054bad82a70b2e77741271790304651d584e2cdfe2041488e753863b",
                "sha256:9eb551d122fadca7774b97db8a112b77231dcccda8e91a5bc99e79890797175e",
                "sha256:a1d7995d1023335e67fb070b2fae6f5968f5be3802b15ad6d79d81ecaa014fe0",
                "sha256:ae61f02b84a0211abb56462a3b6cd1e7ec39d466d3160eb4e1da8bf6717cdbeb",
                "sha256:b9410c0b6fed4a22554f072a86c361e417f0258838957b78bd063bde2c7f841f",
                "sha256:c26287dfc888cf1e65181f39ea75e11f42ffc4f4529e5bd19add57ad458996e2",
                "sha256:c91ec9569facd4757ade0888371eced2ecf49e7982ce5634cc2cf4e7331a4b14",
                "sha256:ecb5b74c702358cdc21268ff4c37f7466357871f53a30e6f84c686952bef16a9"
            ],
            "index": "pypi",
            "version": "==1.20.1"
        },
        "pandas": {
            "hashes": [
                "sha256:05ca6bda50123158eb15e716789083ca4c3b874fd47688df1716daa72644ee1c",
                "sha256:08b6bbe74ae2b3e4741a744d2bce35ce0868a6b4189d8b84be26bb334f73da4c",
                "sha256:14ed84b463e9b84c8ff9308a79b04bf591ae3122a376ee0f62c68a1bd917a773",
                "sha256:214ae60b1f863844e97c87f758c29940ffad96c666257323a4bb2a33c58719c2",
                "sha256:230de25bd9791748b2638c726a5f37d77a96a83854710110fadd068d1e2c2c9f",
                "sha256:26b4919eb3039a686a86cd4f4a74224f8f66e3a419767da26909dcdd3b37c31e",
                "sha256:4d33537a375cfb2db4d388f9a929b6582a364137ea6c6b161b0166440d6ffe36",
                "sha256:69a70d79a791fa1fd5f6e84b8b6dec2ec92369bde4ab2e18d43fc8a1825f51d1",
                "sha256:8ac028cd9a6e1efe43f3dc36f708263838283535cc45430a98b9803f44f4c84b",
                "sha256:a50cf3110a1914442e7b7b9cef394ef6bed0d801b8a34d56f4c4e927bbbcc7d0",
                "sha256:c43d1beb098a1da15934262009a7120aac8dafa20d042b31dab48c28868eb5a4",
                "sha256:c76a108272a4de63189b8f64086bbaf8348841d7e610b52f50959fbbf401524f",
                "sha256:cbad4155028b8ca66aa19a8b13f593ebbf51bfb6c3f2685fe64f04d695a81864",
                "sha256:e3c250faaf9979d0ec836d25e420428db37783fa5fed218da49c9fc06f80f51c",
                "sha256:e61a089151f1ed78682aa77a3bcae0495cf8e585546c26924857d7e8a9960568",
                "sha256:e9bbcc7b5c432600797981706f5b54611990c6a86b2e424329c995eea5f9c42b",
                "sha256:fbddbb20f30308ba2546193d64e18c23b69f59d48cdef73676cbed803495c8dc",
                "sha256:fc351cd2df318674669481eb978a7799f24fd14ef26987a1aa75105b0531d1a1"
            ],
            "index": "pypi",
            "version": "==1.2.2"
        },
        "pillow": {
            "hashes": [
                "sha256:0412516dcc9de9b0a1e0ae25a280015809de8270f134cc2c1e32c4eeb397cf30",
                "sha256:04835e68ef12904bc3e1fd002b33eea0779320d4346082bd5b24bec12ad9c3e9",
                "sha256:06d1adaa284696785375fa80a6a8eb309be722cf4ef8949518beb34487a3df71",
                "sha256:085a90a99404b859a4b6c3daa42afde17cb3ad3115e44a75f0d7b4a32f06a6c9",
                "sha256:0b9911ec70731711c3b6ebcde26caea620cbdd9dcb73c67b0730c8817f24711b",
                "sha256:10e00f7336780ca7d3653cf3ac26f068fa11b5a96894ea29a64d3dc4b810d630",
                "sha256:11c27e74bab423eb3c9232d97553111cc0be81b74b47165f07ebfdd29d825875",
                "sha256:11eb7f98165d56042545c9e6db3ce394ed8b45089a67124298f0473b29cb60b2",
                "sha256:13654b521fb98abdecec105ea3fb5ba863d1548c9b58831dd5105bb3873569f1",
                "sha256:15ccb81a6ffc57ea0137f9f3ac2737ffa1d11f786244d719639df17476d399a7",
                "sha256:18a07a683805d32826c09acfce44a90bf474e6a66ce482b1c7fcd3757d588df3",
                "sha256:19ec4cfe4b961edc249b0e04b5618666c23a83bc35842dea2bfd5dfa0157f81b",
                "sha256:1c3ff00110835bdda2b1e2b07f4a2548a39744bb7de5946dc8e95517c4fb2ca6",
                "sha256:27a330bf7014ee034046db43ccbb05c766aa9e70b8d6c5260bfc38d73103b0ba",
                "sha256:2b11c9d310a3522b0fd3c35667914271f570576a0e387701f370eb39d45f08a4",
                "sha256:2c661542c6f71dfd9dc82d9d29a8386287e82813b0375b3a02983feac69ef864",
                "sha256:2cde7a4d3687f21cffdf5bb171172070bb95e02af448c4c8b2f223d783214056",
                "sha256:2d5e9dc0bf1b5d9048a94c48d0813b6c96fccfa4ccf276d9c36308840f40c228",
                "sha256:2f23b2d3079522fdf3c09de6517f625f7a964f916c956527bed805ac043799b8",
                "sha256:35d27687f027ad25a8d0ef45dd5208ef044c588003cdcedf05afb00dbc5c2deb",
                "sha256:35d409030bf3bd05fa66fb5fdedc39c521b397f61ad04309c90444e893d05f7d",
                "sha256:4326ea1e2722f3dc00ed77c36d3b5354b8fb7399fb59230249ea6d59cbed90da",
                "sha256:4abc247b31a98f29e5224f2d31ef15f86a71f79c7f4d2ac345a5d551d6393073",
                "sha256:4d89a2e9219a526401015153c0e9dd48319ea6ab9fe3b066a20aa9aee23d9fd3",
                "sha256:4e59e99fd680e2b8b11bbd463f3c9450ab799305d5f2bafb74fefba6ac058616",
                "sha256:548794f99ff52a73a156771a0402f5e1c35285bd981046a502d7e4793e8facaa",
                "sha256:56fd98c8294f57636084f4b076b75f86c57b2a63a8410c0cd172bc93695ee979",
                "sha256:59697568a0455764a094585b2551fd76bfd6b959c9f92d4bdec9d0e14616303a",
                "sha256:6bff50ba9891be0a004ef48828e012babaaf7da204d81ab9be37480b9020a82b",
                "sha256:6cb3dd7f23b044b0737317f892d399f9e2f0b3a02b22b2c692851fb8120d82c6",
                "sha256:7dbfbc0020aa1d9bc1b0b8bcf255a7d73f4ad0336f8fd2533fcc54a4ccfb9441",
                "sha256:838eb85de6d9307c19c655c726f8d13b8b646f144ca6b3771fa62b711ebf7624",
                "sha256:8b68f565a4175e12e68ca900af8910e8fe48aaa48fd3ca853494f384e11c8bcd",
                "sha256:8f284dc1695caf71a74f24993b7c7473d77bc760be45f776a2c2f4e04c170550",
                "sha256:963ebdc5365d748185fdb06daf2ac758116deecb2277ec5ae98139f93844bc09",
                "sha256:a048dad5ed6ad1fad338c02c609b862dfaa921fcd065d747194a6805f91f2196",
                "sha256:a1bd983c565f92779be456ece2479840ec39d386007cd4ae83382646293d681b",
                "sha256:a66566f8a22561fc1a88dc87606c69b84fa9ce724f99522cf922c801ec68f5c1",
                "sha256:bcb04ff12e79b28be6c9988f275e7ab69f01cc2ba319fb3114f87817bb7c74b6",
                "sha256:bd24054aaf21e70a51e2a2a5ed1183560d3a69e6f9594a4bfe360a46f94eba83",
                "sha256:be25cb93442c6d2f8702c599b51184bd3ccd83adebd08886b682173e09ef0c3f",
                "sha256:c691b26283c3a31594683217d746f1dad59a7ae1d4cfc24626d7a064a11197d4",
                "sha256:cc9d0dec711c914ed500f1d0d3822868760954dce98dfb0b7382a854aee55d19",
                "sha256:ce2e5e04bb86da6187f96d7bab3f93a7877830981b37f0287dd6479e27a10341",
                "sha256:ce651ca46d0202c302a535d3047c55a0131a720cf554a578fc1b8a2aff0e7d96",
                "sha256:d0c8ebbfd439c37624db98f3877d9ed12c137cadd99dde2d2eae0dab0bbfc355",
                "sha256:d675a876b295afa114ca8bf42d7f86b5fb1298e1b6bb9a24405a3f6c8338811c",
                "sha256:dde3f3ed8d00c72631bc19cbfff8ad3b6215062a5eed402381ad365f82f0c18c",
                "sha256:e5a31c07cea5edbaeb4bdba6f2b87db7d3dc0f446f379d907e51cc70ea375629",
                "sha256:f514c2717012859ccb349c97862568fdc0479aad85b0270d6b5a6509dbc142e2",
                "sha256:fc0db32f7223b094964e71729c0361f93db43664dd1ec86d3df217853cedda87",
                "sha256:fd4fd83aa912d7b89b4b4a1580d30e2a4242f3936882a3f433586e5ab97ed0d5",
                "sha256:feb5db446e96bfecfec078b943cc07744cc759893cef045aa8b8b6d6aaa8274e"
            ],
            "index": "pypi",
            "version": "==8.3.2"
        },
        "pypdf2": {
            "hashes": [
                "sha256:e28f902f2f0a1603ea95ebe21dff311ef09be3d0f0ef29a3e44a932729564385"
            ],
            "version": "==1.26.0"
        },
        "python-bidi": {
            "hashes": [
                "sha256:50eef6f6a0bbdd685f9e8c207f3c9050f5b578d0a46e37c76a9c4baea2cc2e13",
                "sha256:5347f71e82b3e9976dc657f09ded2bfe39ba8d6777ca81a5b2c56c30121c496e"
            ],
            "version": "==0.4.2"
        },
        "python-dateutil": {
            "hashes": [
                "sha256:73ebfe9dbf22e832286dafa60473e4cd239f8592f699aa5adaf10050e6e1823c",
                "sha256:75bb3f31ea686f1197762692a9ee6a7550b59fc6ca3a1f4b5d7e32fb98e2da2a"
            ],
            "index": "pypi",
            "version": "==2.8.1"
        },
        "pytz": {
            "hashes": [
                "sha256:83a4a90894bf38e243cf052c8b58f381bfe9a7a483f6a9cab140bc7f702ac4da",
                "sha256:eb10ce3e7736052ed3623d49975ce333bcd712c7bb19a58b9e2089d4057d0798"
            ],
            "index": "pypi",
            "version": "==2021.1"
        },
        "qrcode": {
            "hashes": [
                "sha256:375a6ff240ca9bd41adc070428b5dfc1dcfbb0f2507f1ac848f6cded38956578"
            ],
            "index": "pypi",
            "version": "==7.3.1"
        },
        "reportlab": {
            "hashes": [
                "sha256:00e9ffb955972a8f6a3a0d61a12231fcaf5e23ee238c98421d65fecc29bd88a1",
                "sha256:115177b3fc51209b5f50371735311c9a6cd9d260ffedbdce5fbc965645b7567c",
                "sha256:17130f034dae50aaf22fce2292e0077a0c2093ba4363211bcafb54418fb8dc09",
                "sha256:200bdfc327d5b06cb400ae86c972b579efe03a1fd8a2e8cb7a5d9aaa744e5adb",
                "sha256:496b28ef414d9a7734e07221c4386bb00f416a3aa276b9f349ed9a328c73ec23",
                "sha256:4bc378039f70141176f3d511d84bc1a172820d4d2edee4f9fcff52cde753dc08",
                "sha256:4f357b4c39b0fa0071de47e8be7af44e07f375d2e59e395daccb7fd13b275668",
                "sha256:57b39303e6dbe3de91e60a14269543ac058ac98a0ea6cf900f5403d9c226022f",
                "sha256:6472478e597ef4a8f5c621d811d08b7ef09fc5af5bc85c2cf4a4505a7164f8b8",
                "sha256:68f9324000cfc5570b5a59a92306691b5d655078a399f20bc72c2581fe903261",
                "sha256:69870e2bbf39b60ebe9a31b31324e249bf314bdc2798e46efc58c67db74b56cb",
                "sha256:6adb17ba89829d5e77fd81baac396f1af99241d7dfc121a065217334131662e7",
                "sha256:7c360aee2bdaa05c24cadddc2f10924961dc7cad125d8876b4d307c879b3b4e8",
                "sha256:7c4c8e87ef29714ccc7fa9764efe30d849cd38f8a9a1742ab7aedf8b5e23494d",
                "sha256:8a07672e86bf288ea3e55959d2e06d6c01320318662241f9b7a71c583e15e5b5",
                "sha256:9f583295f7dd523bf6e5619720677279dc7b9db22671573888f0591fc46b90b2",
                "sha256:b668433f32ac955a94633e58ed7800c06c00f9c46d3b99e2189b3d88dc3184c8",
                "sha256:b7a92564198c5a5ff4efdb83ace215c73343afb80d9379183bc736fea76edd6d",
                "sha256:bd52e1715c70a96a116a61c8477e586b3a46047c85581195bc74162b19b46286",
                "sha256:c7ddc9a6234267bbb52059b017ca22f59ffd7d41d545524cb85f68086a2cbb43",
                "sha256:c8586d72932b8e3bd50a5230d6f1cfbb85c2605bad34253c6d6fe757211b2bf7",
                "sha256:ce3d8e782e3776f19d3accc706aab85ff06caedb70a52016532bebacf5537567",
                "sha256:f3fd26f63c4a9033115707a8718154538a1cebfd6ec992f214e6423524450e3e"
            ],
            "markers": "python_version >= '2.7' and python_version < '4'",
            "version": "==3.6.1"
        },
        "six": {
            "hashes": [
                "sha256:30639c035cdb23534cd4aa2dd52c3bf48f06e5f4a941509c8bafd8ce11080259",
                "sha256:8b74bedcbbbaca38ff6d7491d76f2b06b3592611af620f8426e82dddb04a5ced"
            ],
            "index": "pypi",
            "version": "==1.15.0"
        },
        "sqlparse": {
            "hashes": [
                "sha256:017cde379adbd6a1f15a61873f43e8274179378e95ef3fede90b5aa64d304ed0",
                "sha256:0f91fd2e829c44362cbcfab3e9ae12e22badaa8a29ad5ff599f9ec109f0454e8"
            ],
            "index": "pypi",
            "version": "==0.4.1"
        },
        "webencodings": {
            "hashes": [
                "sha256:a0af1213f3c2226497a97e2b3aa01a7e4bee4f403f95be16fc9acd2947514a78",
                "sha256:b36a1c245f2d304965eb4e0a82848379241dc04b865afcc4aab16748587e1923"
            ],
            "version": "==0.5.1"
        },
        "xhtml2pdf": {
            "hashes": [
                "sha256:6797e974fac66f0efbe927c1539a2756ca4fe8777eaa5882bac132fc76b39421"
            ],
            "index": "pypi",
            "version": "==0.2.5"
        }
    },
    "develop": {
        "autopep8": {
            "hashes": [
                "sha256:276ced7e9e3cb22e5d7c14748384a5cf5d9002257c0ed50c0e075b68011bb6d0",
                "sha256:aa213493c30dcdac99537249ee65b24af0b2c29f2e83cd8b3f68760441ed0db9"
            ],
            "index": "pypi",
            "version": "==1.5.7"
        },
        "jedi": {
            "hashes": [
                "sha256:86ed7d9b750603e4ba582ea8edc678657fb4007894a12bcf6f4bb97892f31d20",
                "sha256:98cc583fa0f2f8304968199b01b6b4b94f469a1f4a74c1560506ca2a211378b5"
            ],
            "markers": "python_version >= '2.7' and python_version not in '3.0, 3.1, 3.2, 3.3, 3.4'",
            "version": "==0.17.2"
        },
        "mccabe": {
            "hashes": [
                "sha256:ab8a6258860da4b6677da4bd2fe5dc2c659cff31b3ee4f7f5d64e79735b80d42",
                "sha256:dd8d182285a0fe56bace7f45b5e7d1a6ebcbf524e8f3bd87eb0f125271b8831f"
            ],
            "index": "pypi",
            "version": "==0.6.1"
        },
        "parso": {
            "hashes": [
                "sha256:97218d9159b2520ff45eb78028ba8b50d2bc61dcc062a9682666f2dc4bd331ea",
                "sha256:caba44724b994a8a5e086460bb212abc5a8bc46951bf4a9a1210745953622eb9"
            ],
            "markers": "python_version >= '2.7' and python_version not in '3.0, 3.1, 3.2, 3.3'",
            "version": "==0.7.1"
        },
        "pluggy": {
            "hashes": [
                "sha256:4224373bacce55f955a878bf9cfa763c1e360858e330072059e10bad68531159",
                "sha256:74134bbf457f031a36d68416e1509f34bd5ccc019f0bcc952c7b909d06b37bd3"
            ],
            "markers": "python_version >= '3.6'",
            "version": "==1.0.0"
        },
        "pycodestyle": {
            "hashes": [
                "sha256:514f76d918fcc0b55c6680472f0a37970994e07bbb80725808c17089be302068",
                "sha256:c389c1d06bf7904078ca03399a4816f974a1d590090fecea0c63ec26ebaf1cef"
            ],
            "index": "pypi",
            "version": "==2.7.0"
        },
        "pydocstyle": {
            "hashes": [
                "sha256:1d41b7c459ba0ee6c345f2eb9ae827cab14a7533a88c5c6f7e94923f72df92dc",
                "sha256:6987826d6775056839940041beef5c08cc7e3d71d63149b48e36727f70144dc4"
            ],
            "index": "pypi",
            "version": "==6.1.1"
        },
        "pyflakes": {
            "hashes": [
                "sha256:05a85c2872edf37a4ed30b0cce2f6093e1d0581f8c19d7393122da7e25b2b24c",
                "sha256:3bb3a3f256f4b7968c9c788781e4ff07dce46bdf12339dcda61053375426ee2e"
            ],
            "index": "pypi",
            "version": "==2.4.0"
        },
        "python-jsonrpc-server": {
            "hashes": [
                "sha256:62c543e541f101ec5b57dc654efc212d2c2e3ea47ff6f54b2e7dcb36ecf20595",
                "sha256:e5a908ff182e620aac07db5f57887eeb0afe33993008f57dc1b85b594cea250c"
            ],
            "version": "==0.4.0"
        },
        "python-language-server": {
            "hashes": [
                "sha256:9984c84a67ee2c5102c8e703215f407fcfa5e62b0ae86c9572d0ada8c4b417b0",
                "sha256:a0ad0aca03f4a20c1c40f4f230c6773eac82c9b7cdb026cb09ba10237f4815d5"
            ],
            "index": "pypi",
            "version": "==0.36.2"
        },
        "rope": {
            "hashes": [
                "sha256:505a2f6b4ac7b18e0429be179f4d8712243a194da5c866b0731f9d91ce7590bb"
            ],
            "index": "pypi",
            "version": "==0.20.1"
        },
        "snowballstemmer": {
            "hashes": [
                "sha256:b51b447bea85f9968c13b650126a888aabd4cb4463fca868ec596826325dedc2",
                "sha256:e997baa4f2e9139951b6f4c631bad912dfd3c792467e2f03d7239464af90e914"
            ],
            "version": "==2.1.0"
        },
        "toml": {
            "hashes": [
                "sha256:806143ae5bfb6a3c6e736a764057db0e6a0e05e338b5630894a5f779cabb4f9b",
                "sha256:b3bda1d108d5dd99f4a20d24d9c348e91c4db7ab1b749200bded2f839ccbe68f"
            ],
            "markers": "python_version >= '2.6' and python_version not in '3.0, 3.1, 3.2, 3.3'",
            "version": "==0.10.2"
        },
        "ujson": {
            "hashes": [
                "sha256:0076de81aadc287f025525969bbc1272703be92933e988e5663a76ec5863628f",
                "sha256:02f5a6acc5aa5b054c32bdccd17064c2cbd07c81b3a49449589a4552888f1961",
                "sha256:0d61ae7a505105a16220a4282dbd552bef76968203e5e4f5edfdbb03d3159e3a",
                "sha256:0db1acd8dbbf120095ce4ab118585219066ea2860332df2385a435c585036cae",
                "sha256:0ebc82847938e417092fd463e593da39a280fd12585b998e435a2a45bb7a33f7",
                "sha256:26e299caa9bfc2e532e16de38de2af48cde48258922cda5efc0dd447d42692fc",
                "sha256:26ebe3ac1e0d18d58e11dbf7cdd0459adcefd5c025ede99be7fceae47bd1bfc6",
                "sha256:32f4340c8d6a34e7fa1f9447919ebd4b6256afef0965868d51ea3cdf0694a8f7",
                "sha256:3697cae44a92c2264cf307d4cdd9ea436faa75a009d35a4097362a6bbf221a1b",
                "sha256:40235c3704ac7f29b24a7a785f856e1c45a567c8cd4b57a025f516733e358972",
                "sha256:42f8def3e44d880774f644b53b4701a46889a9506e3fdc191c314c9e2e9b2a38",
                "sha256:50ddff58727cc4f90ade4c818884c4f0fbeeb1f78f764ab2b2bc89cf1f4db126",
                "sha256:50f413177206373b3568dff28c091b2d8c9145e5e54b0a524d3823293d7a29b8",
                "sha256:535f1e5b336f7a0573da59bd9352e9cc6a93185bf4b1d96fb3379e07b4fc619a",
                "sha256:5a885675252e041e19cb92ff76419251fdd1ab4c2ca9766cb3ecfa6ae07884d2",
                "sha256:5f863b12d27867b733d380a9878fc8c3ad11d3aea8a3650c33e7a8c2a888e1eb",
                "sha256:6182898d7031d083017f9be47c6d57f9c2155d9f4391b77ed6c020cab8e5a471",
                "sha256:68088596e237dcda862c1760d1feb2236a8cc36804507a9fcfaa3ed21442ff64",
                "sha256:6bccfff9910fbe3dae6a17ec080c48fca0bfe939b18e4b2622122109d4d2570d",
                "sha256:6e8c30186eaa4f982b9b56cad30b173b71aac9d6a393d97cbcbc4ca805e87943",
                "sha256:74961587e9c1682d3e04fe29e02b67ec9c88cb0c3406ad94cc617d04c6fa6db2",
                "sha256:78f8da27231b20d589319f743bd65011862691c102922be85c9f27e40656a0f7",
                "sha256:8ec19982b7a40fb526b8ffd6edfff2c5c10556a54416d554c4bc83b1e4140a4c",
                "sha256:944dfdfae0cb4e4274a23e5070be913f7ff8f05666d8d143f2356cf873f9a77a",
                "sha256:99322e08e53580867c9909637747343354b7028a8208dc5df3d09233c8f52c30",
                "sha256:a6e27ff0f92c719de004b806d84f471fff0157679e57517092b8f89345eb3a79",
                "sha256:ab70a29914fc202f7c8f6353bb0622b91f878e2892e57a4c7293b341d5a85133",
                "sha256:adca402a97b8388c378d92c55b2bf4e8402baa5dfa059a85870a41e2f142a0d0",
                "sha256:b55dde52028f3c426197b9a928618fbb2b548172eb45824ddb19cdcdf8e493f9",
                "sha256:bac42d0131740b6f1d2b6a15f770c1fef0db97d05aba8564f3c75bb59a9c91c7",
                "sha256:bc9e2e6933ecec17a7d351116f555caee84b798076a4c5276ab1e8654c83bd90",
                "sha256:bff484c162bd77877bc9ae6333b0a684493037ce3c5d8b664e8339becf9ad139",
                "sha256:c53653a12f6ce67b12e7806c190cce1db09c75de31212a5a9adbdbd7a2aba116",
                "sha256:c7b2643b063f33e5e0d539cf2811793a7df9da525e63483f70c9262a343bd59d",
                "sha256:c9723a5e2743ded9bc6106cb04f86244dd779ad847d8ac189cfe808ab16946c1",
                "sha256:cf272e6302c62a42ed0125efcc1d891dd909bcfb3c6aa075d89de209b2b8e930",
                "sha256:d0abc1526d32ebe2f2b6fefcf82b9ee8661da3f45ecac087beee6aeaa21b39ec",
                "sha256:d9a0252da73d8b69de60811252cbfde215d76ee6eea935a519e223353352026c",
                "sha256:dd98d659365fb9271d9f9ba21160670ddfecb93deaec8a5350519a0ab3604654",
                "sha256:e7c8cffd9e45248569fa576d19b043951a3edc67cbee3dca2a6b77e6998cb1ec",
                "sha256:fa68b25c987b73fb1c83ece34e52856c2c6da3031384f72638696c56fa8baca9",
                "sha256:fae1e251d9f9362ebc4adbbb252d0f4a023f66f180390624826fcb1812b808e9",
                "sha256:ff0ae4b1dc70c3362b04f4127e228b17e84946de611f85b32f565b990762deaf",
                "sha256:fffe509f556861c7343c6cba57ed05fe7bcf4b48a934a5b946ccb45428cf8883"
            ],
            "markers": "python_version >= '3.1'",
            "version": "==4.2.0"
        },
        "yapf": {
            "hashes": [
                "sha256:408fb9a2b254c302f49db83c59f9aa0b4b0fd0ec25be3a5c51181327922ff63d",
                "sha256:e3a234ba8455fe201eaa649cdac872d590089a18b661e39bbac7020978dd9c2e"
            ],
            "index": "pypi",
            "version": "==0.31.0"
        }
    }
}
